
Microsoft Visual Studio Solution File, Format Version 12.00
# Visual Studio 15
VisualStudioVersion = 15.0.27428.1
MinimumVisualStudioVersion = 10.0.40219.1
Project("{2150E333-8FDC-42A3-9474-1A3956D46DE8}") = "Homework1", "Homework1", "{D71AFE1D-00F4-425B-A7D0-7B766B374883}"
EndProject
Project("{2150E333-8FDC-42A3-9474-1A3956D46DE8}") = "First", "First", "{E55AE0E9-E743-4A67-A699-B0B8043E8A32}"
	ProjectSection(SolutionItems) = preProject
		First\Customer.cs = First\Customer.cs
		First\DefaultIdGenerator.cs = First\DefaultIdGenerator.cs
		First\EntityBase.cs = First\EntityBase.cs
		First\Program.cs = First\Program.cs
		First\Store.cs = First\Store.cs
	EndProjectSection
EndProject
Project("{2150E333-8FDC-42A3-9474-1A3956D46DE8}") = "Second", "Second", "{314C7483-B305-47CF-847A-59FA6288E566}"
	ProjectSection(SolutionItems) = preProject
		Second\Constants.cs = Second\Constants.cs
		Second\Program.cs = Second\Program.cs
	EndProjectSection
EndProject
Global
	GlobalSection(SolutionProperties) = preSolution
		HideSolutionNode = FALSE
	EndGlobalSection
	GlobalSection(NestedProjects) = preSolution
		{E55AE0E9-E743-4A67-A699-B0B8043E8A32} = {D71AFE1D-00F4-425B-A7D0-7B766B374883}
		{314C7483-B305-47CF-847A-59FA6288E566} = {D71AFE1D-00F4-425B-A7D0-7B766B374883}
	EndGlobalSection
	GlobalSection(ExtensibilityGlobals) = postSolution
		SolutionGuid = {8B675883-FAEA-4485-82A6-CAEE6D3D7555}
	EndGlobalSection
EndGlobal
